
Microsoft Visual Studio Solution File, Format Version 12.00
# Visual Studio Version 17
VisualStudioVersion = 17.5.33627.172
MinimumVisualStudioVersion = 10.0.40219.1
Project("{2150E333-8FDC-42A3-9474-1A3956D46DE8}") = "src", "src", "{94737EC5-30F7-4E57-A184-8F646C776C9D}"
EndProject
Project("{2150E333-8FDC-42A3-9474-1A3956D46DE8}") = "test", "test", "{DA057BBA-0656-4EDA-82E3-2607D2971CCA}"
EndProject
Project("{2150E333-8FDC-42A3-9474-1A3956D46DE8}") = "Core", "Core", "{DC375C5A-2DD1-4E1B-97C4-0BEE4EC265C5}"
EndProject
Project("{2150E333-8FDC-42A3-9474-1A3956D46DE8}") = "WebAPI", "WebAPI", "{27534A77-4D77-4757-947E-B0E4CF97102F}"
EndProject
Project("{2150E333-8FDC-42A3-9474-1A3956D46DE8}") = "Infrastructure", "Infrastructure", "{F2EBE7A7-6FDE-4728-9718-F0224A254F96}"
EndProject
Project("{9A19103F-16F7-4668-BE54-9A1E7A4F7556}") = "LeavingManagement.Domain", "LeavingManagement.Domain\LeavingManagement.Domain.csproj", "{3C9631F3-82C8-4168-9C0F-8DBDCE9E5CB8}"
EndProject
Project("{9A19103F-16F7-4668-BE54-9A1E7A4F7556}") = "LeavingManagement.Application", "LeavingManagement.Application\LeavingManagement.Application.csproj", "{E9AE1389-2443-49E0-BD6B-D37DA5206E7B}"
EndProject
Project("{9A19103F-16F7-4668-BE54-9A1E7A4F7556}") = "LeavingManagement.Persistence", "LeavingManagement.Persistence\LeavingManagement.Persistence.csproj", "{A3A6F5F3-F257-4E09-8C19-34AF56CF02E3}"
EndProject
Project("{FAE04EC0-301F-11D3-BF4B-00C04F79EFBC}") = "LeavingManagement.Infrastructure", "LeavingManagement.Infrastructure\LeavingManagement.Infrastructure.csproj", "{29288860-8A08-44A0-967F-571E12E9EC76}"
EndProject
Project("{FAE04EC0-301F-11D3-BF4B-00C04F79EFBC}") = "LeavingManagement.Api", "LeavingManagement.Api\LeavingManagement.Api.csproj", "{E49C4EB4-0968-4A3F-9F22-F7D63954F812}"
EndProject
Global
	GlobalSection(SolutionConfigurationPlatforms) = preSolution
		Debug|Any CPU = Debug|Any CPU
		Release|Any CPU = Release|Any CPU
	EndGlobalSection
	GlobalSection(ProjectConfigurationPlatforms) = postSolution
		{3C9631F3-82C8-4168-9C0F-8DBDCE9E5CB8}.Debug|Any CPU.ActiveCfg = Debug|Any CPU
		{3C9631F3-82C8-4168-9C0F-8DBDCE9E5CB8}.Debug|Any CPU.Build.0 = Debug|Any CPU
		{3C9631F3-82C8-4168-9C0F-8DBDCE9E5CB8}.Release|Any CPU.ActiveCfg = Release|Any CPU
		{3C9631F3-82C8-4168-9C0F-8DBDCE9E5CB8}.Release|Any CPU.Build.0 = Release|Any CPU
		{E9AE1389-2443-49E0-BD6B-D37DA5206E7B}.Debug|Any CPU.ActiveCfg = Debug|Any CPU
		{E9AE1389-2443-49E0-BD6B-D37DA5206E7B}.Debug|Any CPU.Build.0 = Debug|Any CPU
		{E9AE1389-2443-49E0-BD6B-D37DA5206E7B}.Release|Any CPU.ActiveCfg = Release|Any CPU
		{E9AE1389-2443-49E0-BD6B-D37DA5206E7B}.Release|Any CPU.Build.0 = Release|Any CPU
		{A3A6F5F3-F257-4E09-8C19-34AF56CF02E3}.Debug|Any CPU.ActiveCfg = Debug|Any CPU
		{A3A6F5F3-F257-4E09-8C19-34AF56CF02E3}.Debug|Any CPU.Build.0 = Debug|Any CPU
		{A3A6F5F3-F257-4E09-8C19-34AF56CF02E3}.Release|Any CPU.ActiveCfg = Release|Any CPU
		{A3A6F5F3-F257-4E09-8C19-34AF56CF02E3}.Release|Any CPU.Build.0 = Release|Any CPU
		{29288860-8A08-44A0-967F-571E12E9EC76}.Debug|Any CPU.ActiveCfg = Debug|Any CPU
		{29288860-8A08-44A0-967F-571E12E9EC76}.Debug|Any CPU.Build.0 = Debug|Any CPU
		{29288860-8A08-44A0-967F-571E12E9EC76}.Release|Any CPU.ActiveCfg = Release|Any CPU
		{29288860-8A08-44A0-967F-571E12E9EC76}.Release|Any CPU.Build.0 = Release|Any CPU
		{E49C4EB4-0968-4A3F-9F22-F7D63954F812}.Debug|Any CPU.ActiveCfg = Debug|Any CPU
		{E49C4EB4-0968-4A3F-9F22-F7D63954F812}.Debug|Any CPU.Build.0 = Debug|Any CPU
		{E49C4EB4-0968-4A3F-9F22-F7D63954F812}.Release|Any CPU.ActiveCfg = Release|Any CPU
		{E49C4EB4-0968-4A3F-9F22-F7D63954F812}.Release|Any CPU.Build.0 = Release|Any CPU
	EndGlobalSection
	GlobalSection(SolutionProperties) = preSolution
		HideSolutionNode = FALSE
	EndGlobalSection
	GlobalSection(NestedProjects) = preSolution
		{DC375C5A-2DD1-4E1B-97C4-0BEE4EC265C5} = {94737EC5-30F7-4E57-A184-8F646C776C9D}
		{27534A77-4D77-4757-947E-B0E4CF97102F} = {94737EC5-30F7-4E57-A184-8F646C776C9D}
		{F2EBE7A7-6FDE-4728-9718-F0224A254F96} = {94737EC5-30F7-4E57-A184-8F646C776C9D}
		{3C9631F3-82C8-4168-9C0F-8DBDCE9E5CB8} = {DC375C5A-2DD1-4E1B-97C4-0BEE4EC265C5}
		{E9AE1389-2443-49E0-BD6B-D37DA5206E7B} = {DC375C5A-2DD1-4E1B-97C4-0BEE4EC265C5}
		{A3A6F5F3-F257-4E09-8C19-34AF56CF02E3} = {F2EBE7A7-6FDE-4728-9718-F0224A254F96}
		{29288860-8A08-44A0-967F-571E12E9EC76} = {F2EBE7A7-6FDE-4728-9718-F0224A254F96}
		{E49C4EB4-0968-4A3F-9F22-F7D63954F812} = {27534A77-4D77-4757-947E-B0E4CF97102F}
	EndGlobalSection
	GlobalSection(ExtensibilityGlobals) = postSolution
		SolutionGuid = {5EE59C66-2602-4AE6-8C9A-82ACF8A6841F}
	EndGlobalSection
EndGlobal
